
Microsoft Visual Studio Solution File, Format Version 12.00
# Visual Studio Version 17
VisualStudioVersion = 17.5.33424.131
MinimumVisualStudioVersion = 10.0.40219.1
Project("{FAE04EC0-301F-11D3-BF4B-00C04F79EFBC}") = "OPAPJMCMB", "OPAPJMCMB\OPAPJMCMB.csproj", "{356E4193-8FD0-4A59-AF69-D91567D73636}"
EndProject
Global
	GlobalSection(SolutionConfigurationPlatforms) = preSolution
		Debug|Any CPU = Debug|Any CPU
		Release|Any CPU = Release|Any CPU
	EndGlobalSection
	GlobalSection(ProjectConfigurationPlatforms) = postSolution
		{356E4193-8FD0-4A59-AF69-D91567D73636}.Debug|Any CPU.ActiveCfg = Debug|Any CPU
		{356E4193-8FD0-4A59-AF69-D91567D73636}.Debug|Any CPU.Build.0 = Debug|Any CPU
		{356E4193-8FD0-4A59-AF69-D91567D73636}.Release|Any CPU.ActiveCfg = Release|Any CPU
		{356E4193-8FD0-4A59-AF69-D91567D73636}.Release|Any CPU.Build.0 = Release|Any CPU
	EndGlobalSection
	GlobalSection(SolutionProperties) = preSolution
		HideSolutionNode = FALSE
	EndGlobalSection
	GlobalSection(ExtensibilityGlobals) = postSolution
		SolutionGuid = {D1384144-3228-4820-ABB8-EE750AA76030}
	EndGlobalSection
EndGlobal
